// !$*UTF8*$!
{
	archiveVersion = 1;
	classes = {
	};
	objectVersion = 55;
	objects = {

/* Begin PBXBuildFile section */
		08E9F1B7273561C30060B792 /* AppDelegate.swift in Sources */ = {isa = PBXBuildFile; fileRef = 08E9F1B6273561C30060B792 /* AppDelegate.swift */; };
		08E9F1B9273561C30060B792 /* SceneDelegate.swift in Sources */ = {isa = PBXBuildFile; fileRef = 08E9F1B8273561C30060B792 /* SceneDelegate.swift */; };
		08E9F1BB273561C30060B792 /* ViewController.swift in Sources */ = {isa = PBXBuildFile; fileRef = 08E9F1BA273561C30060B792 /* ViewController.swift */; };
		08E9F1BE273561C30060B792 /* Main.storyboard in Resources */ = {isa = PBXBuildFile; fileRef = 08E9F1BC273561C30060B792 /* Main.storyboard */; };
		08E9F1C1273561C30060B792 /* M12n_trainer.xcdatamodeld in Sources */ = {isa = PBXBuildFile; fileRef = 08E9F1BF273561C30060B792 /* M12n_trainer.xcdatamodeld */; };
		08E9F1C3273561C70060B792 /* Assets.xcassets in Resources */ = {isa = PBXBuildFile; fileRef = 08E9F1C2273561C70060B792 /* Assets.xcassets */; };
		08E9F1C6273561C70060B792 /* LaunchScreen.storyboard in Resources */ = {isa = PBXBuildFile; fileRef = 08E9F1C4273561C70060B792 /* LaunchScreen.storyboard */; };
		08E9F1D1273561C70060B792 /* M12n_trainerTests.swift in Sources */ = {isa = PBXBuildFile; fileRef = 08E9F1D0273561C70060B792 /* M12n_trainerTests.swift */; };
		08E9F1DB273561C70060B792 /* M12n_trainerUITests.swift in Sources */ = {isa = PBXBuildFile; fileRef = 08E9F1DA273561C70060B792 /* M12n_trainerUITests.swift */; };
		08E9F1DD273561C70060B792 /* M12n_trainerUITestsLaunchTests.swift in Sources */ = {isa = PBXBuildFile; fileRef = 08E9F1DC273561C70060B792 /* M12n_trainerUITestsLaunchTests.swift */; };
		08E9F1EF27366BB30060B792 /* PlayController.swift in Sources */ = {isa = PBXBuildFile; fileRef = 08E9F1EE27366BB20060B792 /* PlayController.swift */; };
		B27CB15601825AA6AEC1175B /* Pods_M12n_trainer.framework in Frameworks */ = {isa = PBXBuildFile; fileRef = 34A820804A2C5D199300BB2A /* Pods_M12n_trainer.framework */; };
		E252DD3D38E5CA66DCC5C99A /* Pods_M12n_trainer_M12n_trainerUITests.framework in Frameworks */ = {isa = PBXBuildFile; fileRef = 5316C7BE9ED70F91FEAF73D4 /* Pods_M12n_trainer_M12n_trainerUITests.framework */; };
		F3D22F88A873327CD003251D /* Pods_M12n_trainerTests.framework in Frameworks */ = {isa = PBXBuildFile; fileRef = BF98443FD26806377A4A24B5 /* Pods_M12n_trainerTests.framework */; };
/* End PBXBuildFile section */

/* Begin PBXContainerItemProxy section */
		08E9F1CD273561C70060B792 /* PBXContainerItemProxy */ = {
			isa = PBXContainerItemProxy;
			containerPortal = 08E9F1AB273561C30060B792 /* Project object */;
			proxyType = 1;
			remoteGlobalIDString = 08E9F1B2273561C30060B792;
			remoteInfo = "M12n trainer";
		};
		08E9F1D7273561C70060B792 /* PBXContainerItemProxy */ = {
			isa = PBXContainerItemProxy;
			containerPortal = 08E9F1AB273561C30060B792 /* Project object */;
			proxyType = 1;
			remoteGlobalIDString = 08E9F1B2273561C30060B792;
			remoteInfo = "M12n trainer";
		};
/* End PBXContainerItemProxy section */

/* Begin PBXFileReference section */
		070B6B55F7DBEFCD770F2F57 /* Pods-M12n trainerTests.release.xcconfig */ = {isa = PBXFileReference; includeInIndex = 1; lastKnownFileType = text.xcconfig; name = "Pods-M12n trainerTests.release.xcconfig"; path = "Target Support Files/Pods-M12n trainerTests/Pods-M12n trainerTests.release.xcconfig"; sourceTree = "<group>"; };
		08E9F1B3273561C30060B792 /* M12n trainer.app */ = {isa = PBXFileReference; explicitFileType = wrapper.application; includeInIndex = 0; path = "M12n trainer.app"; sourceTree = BUILT_PRODUCTS_DIR; };
		08E9F1B6273561C30060B792 /* AppDelegate.swift */ = {isa = PBXFileReference; lastKnownFileType = sourcecode.swift; path = AppDelegate.swift; sourceTree = "<group>"; };
		08E9F1B8273561C30060B792 /* SceneDelegate.swift */ = {isa = PBXFileReference; lastKnownFileType = sourcecode.swift; path = SceneDelegate.swift; sourceTree = "<group>"; };
		08E9F1BA273561C30060B792 /* ViewController.swift */ = {isa = PBXFileReference; lastKnownFileType = sourcecode.swift; path = ViewController.swift; sourceTree = "<group>"; };
		08E9F1BD273561C30060B792 /* Base */ = {isa = PBXFileReference; lastKnownFileType = file.storyboard; name = Base; path = Base.lproj/Main.storyboard; sourceTree = "<group>"; };
		08E9F1C0273561C30060B792 /* M12n_trainer.xcdatamodel */ = {isa = PBXFileReference; lastKnownFileType = wrapper.xcdatamodel; path = M12n_trainer.xcdatamodel; sourceTree = "<group>"; };
		08E9F1C2273561C70060B792 /* Assets.xcassets */ = {isa = PBXFileReference; lastKnownFileType = folder.assetcatalog; path = Assets.xcassets; sourceTree = "<group>"; };
		08E9F1C5273561C70060B792 /* Base */ = {isa = PBXFileReference; lastKnownFileType = file.storyboard; name = Base; path = Base.lproj/LaunchScreen.storyboard; sourceTree = "<group>"; };
		08E9F1C7273561C70060B792 /* Info.plist */ = {isa = PBXFileReference; lastKnownFileType = text.plist.xml; path = Info.plist; sourceTree = "<group>"; };
		08E9F1CC273561C70060B792 /* M12n trainerTests.xctest */ = {isa = PBXFileReference; explicitFileType = wrapper.cfbundle; includeInIndex = 0; path = "M12n trainerTests.xctest"; sourceTree = BUILT_PRODUCTS_DIR; };
		08E9F1D0273561C70060B792 /* M12n_trainerTests.swift */ = {isa = PBXFileReference; lastKnownFileType = sourcecode.swift; path = M12n_trainerTests.swift; sourceTree = "<group>"; };
		08E9F1D6273561C70060B792 /* M12n trainerUITests.xctest */ = {isa = PBXFileReference; explicitFileType = wrapper.cfbundle; includeInIndex = 0; path = "M12n trainerUITests.xctest"; sourceTree = BUILT_PRODUCTS_DIR; };
		08E9F1DA273561C70060B792 /* M12n_trainerUITests.swift */ = {isa = PBXFileReference; lastKnownFileType = sourcecode.swift; path = M12n_trainerUITests.swift; sourceTree = "<group>"; };
		08E9F1DC273561C70060B792 /* M12n_trainerUITestsLaunchTests.swift */ = {isa = PBXFileReference; lastKnownFileType = sourcecode.swift; path = M12n_trainerUITestsLaunchTests.swift; sourceTree = "<group>"; };
		08E9F1EA2735891A0060B792 /* SavoyeLetPlain.ttf */ = {isa = PBXFileReference; lastKnownFileType = file; path = SavoyeLetPlain.ttf; sourceTree = "<group>"; };
		08E9F1EE27366BB20060B792 /* PlayController.swift */ = {isa = PBXFileReference; lastKnownFileType = sourcecode.swift; path = PlayController.swift; sourceTree = "<group>"; };
		08E9F1F0273670E00060B792 /* Roboto-Regular.ttf */ = {isa = PBXFileReference; lastKnownFileType = file; path = "Roboto-Regular.ttf"; sourceTree = "<group>"; };
		1E34CE1CE876B2FDEA87F130 /* Pods-M12n trainerTests.debug.xcconfig */ = {isa = PBXFileReference; includeInIndex = 1; lastKnownFileType = text.xcconfig; name = "Pods-M12n trainerTests.debug.xcconfig"; path = "Target Support Files/Pods-M12n trainerTests/Pods-M12n trainerTests.debug.xcconfig"; sourceTree = "<group>"; };
		34A820804A2C5D199300BB2A /* Pods_M12n_trainer.framework */ = {isa = PBXFileReference; explicitFileType = wrapper.framework; includeInIndex = 0; path = Pods_M12n_trainer.framework; sourceTree = BUILT_PRODUCTS_DIR; };
		45054DD4CFA38E9E27C8872B /* Pods-M12n trainer-M12n trainerUITests.debug.xcconfig */ = {isa = PBXFileReference; includeInIndex = 1; lastKnownFileType = text.xcconfig; name = "Pods-M12n trainer-M12n trainerUITests.debug.xcconfig"; path = "Target Support Files/Pods-M12n trainer-M12n trainerUITests/Pods-M12n trainer-M12n trainerUITests.debug.xcconfig"; sourceTree = "<group>"; };
		5316C7BE9ED70F91FEAF73D4 /* Pods_M12n_trainer_M12n_trainerUITests.framework */ = {isa = PBXFileReference; explicitFileType = wrapper.framework; includeInIndex = 0; path = Pods_M12n_trainer_M12n_trainerUITests.framework; sourceTree = BUILT_PRODUCTS_DIR; };
		6219A1FF0B3F3A4D2574916C /* Pods-M12n trainer-M12n trainerUITests.release.xcconfig */ = {isa = PBXFileReference; includeInIndex = 1; lastKnownFileType = text.xcconfig; name = "Pods-M12n trainer-M12n trainerUITests.release.xcconfig"; path = "Target Support Files/Pods-M12n trainer-M12n trainerUITests/Pods-M12n trainer-M12n trainerUITests.release.xcconfig"; sourceTree = "<group>"; };
		7BA46BCD2E6B81462D17A60E /* Pods-M12n trainer.debug.xcconfig */ = {isa = PBXFileReference; includeInIndex = 1; lastKnownFileType = text.xcconfig; name = "Pods-M12n trainer.debug.xcconfig"; path = "Target Support Files/Pods-M12n trainer/Pods-M12n trainer.debug.xcconfig"; sourceTree = "<group>"; };
		BF98443FD26806377A4A24B5 /* Pods_M12n_trainerTests.framework */ = {isa = PBXFileReference; explicitFileType = wrapper.framework; includeInIndex = 0; path = Pods_M12n_trainerTests.framework; sourceTree = BUILT_PRODUCTS_DIR; };
		EC0516D4339FE1E639E773EB /* Pods-M12n trainer.release.xcconfig */ = {isa = PBXFileReference; includeInIndex = 1; lastKnownFileType = text.xcconfig; name = "Pods-M12n trainer.release.xcconfig"; path = "Target Support Files/Pods-M12n trainer/Pods-M12n trainer.release.xcconfig"; sourceTree = "<group>"; };
/* End PBXFileReference section */

/* Begin PBXFrameworksBuildPhase section */
		08E9F1B0273561C30060B792 /* Frameworks */ = {
			isa = PBXFrameworksBuildPhase;
			buildActionMask = 2147483647;
			files = (
				B27CB15601825AA6AEC1175B /* Pods_M12n_trainer.framework in Frameworks */,
			);
			runOnlyForDeploymentPostprocessing = 0;
		};
		08E9F1C9273561C70060B792 /* Frameworks */ = {
			isa = PBXFrameworksBuildPhase;
			buildActionMask = 2147483647;
			files = (
				F3D22F88A873327CD003251D /* Pods_M12n_trainerTests.framework in Frameworks */,
			);
			runOnlyForDeploymentPostprocessing = 0;
		};
		08E9F1D3273561C70060B792 /* Frameworks */ = {
			isa = PBXFrameworksBuildPhase;
			buildActionMask = 2147483647;
			files = (
				E252DD3D38E5CA66DCC5C99A /* Pods_M12n_trainer_M12n_trainerUITests.framework in Frameworks */,
			);
			runOnlyForDeploymentPostprocessing = 0;
		};
/* End PBXFrameworksBuildPhase section */

/* Begin PBXGroup section */
		08E9F1AA273561C30060B792 = {
			isa = PBXGroup;
			children = (
				08E9F1B5273561C30060B792 /* M12n trainer */,
				08E9F1CF273561C70060B792 /* M12n trainerTests */,
				08E9F1D9273561C70060B792 /* M12n trainerUITests */,
				08E9F1B4273561C30060B792 /* Products */,
				F6140734D93215C1787764E5 /* Pods */,
				6B722B506C92135745A15442 /* Frameworks */,
			);
			sourceTree = "<group>";
		};
		08E9F1B4273561C30060B792 /* Products */ = {
			isa = PBXGroup;
			children = (
				08E9F1B3273561C30060B792 /* M12n trainer.app */,
				08E9F1CC273561C70060B792 /* M12n trainerTests.xctest */,
				08E9F1D6273561C70060B792 /* M12n trainerUITests.xctest */,
			);
			name = Products;
			sourceTree = "<group>";
		};
		08E9F1B5273561C30060B792 /* M12n trainer */ = {
			isa = PBXGroup;
			children = (
				08E9F1E92735890C0060B792 /* Fonts */,
				08E9F1B6273561C30060B792 /* AppDelegate.swift */,
				08E9F1B8273561C30060B792 /* SceneDelegate.swift */,
				08E9F1BA273561C30060B792 /* ViewController.swift */,
				08E9F1BC273561C30060B792 /* Main.storyboard */,
				08E9F1C2273561C70060B792 /* Assets.xcassets */,
				08E9F1C4273561C70060B792 /* LaunchScreen.storyboard */,
				08E9F1C7273561C70060B792 /* Info.plist */,
				08E9F1BF273561C30060B792 /* M12n_trainer.xcdatamodeld */,
				08E9F1EE27366BB20060B792 /* PlayController.swift */,
			);
			path = "M12n trainer";
			sourceTree = "<group>";
		};
		08E9F1CF273561C70060B792 /* M12n trainerTests */ = {
			isa = PBXGroup;
			children = (
				08E9F1D0273561C70060B792 /* M12n_trainerTests.swift */,
			);
			path = "M12n trainerTests";
			sourceTree = "<group>";
		};
		08E9F1D9273561C70060B792 /* M12n trainerUITests */ = {
			isa = PBXGroup;
			children = (
				08E9F1DA273561C70060B792 /* M12n_trainerUITests.swift */,
				08E9F1DC273561C70060B792 /* M12n_trainerUITestsLaunchTests.swift */,
			);
			path = "M12n trainerUITests";
			sourceTree = "<group>";
		};
		08E9F1E92735890C0060B792 /* Fonts */ = {
			isa = PBXGroup;
			children = (
				08E9F1EA2735891A0060B792 /* SavoyeLetPlain.ttf */,
				08E9F1F0273670E00060B792 /* Roboto-Regular.ttf */,
			);
			path = Fonts;
			sourceTree = "<group>";
		};
		6B722B506C92135745A15442 /* Frameworks */ = {
			isa = PBXGroup;
			children = (
				34A820804A2C5D199300BB2A /* Pods_M12n_trainer.framework */,
				5316C7BE9ED70F91FEAF73D4 /* Pods_M12n_trainer_M12n_trainerUITests.framework */,
				BF98443FD26806377A4A24B5 /* Pods_M12n_trainerTests.framework */,
			);
			name = Frameworks;
			sourceTree = "<group>";
		};
		F6140734D93215C1787764E5 /* Pods */ = {
			isa = PBXGroup;
			children = (
				7BA46BCD2E6B81462D17A60E /* Pods-M12n trainer.debug.xcconfig */,
				EC0516D4339FE1E639E773EB /* Pods-M12n trainer.release.xcconfig */,
				45054DD4CFA38E9E27C8872B /* Pods-M12n trainer-M12n trainerUITests.debug.xcconfig */,
				6219A1FF0B3F3A4D2574916C /* Pods-M12n trainer-M12n trainerUITests.release.xcconfig */,
				1E34CE1CE876B2FDEA87F130 /* Pods-M12n trainerTests.debug.xcconfig */,
				070B6B55F7DBEFCD770F2F57 /* Pods-M12n trainerTests.release.xcconfig */,
			);
			path = Pods;
			sourceTree = "<group>";
		};
/* End PBXGroup section */

/* Begin PBXNativeTarget section */
		08E9F1B2273561C30060B792 /* M12n trainer */ = {
			isa = PBXNativeTarget;
			buildConfigurationList = 08E9F1E0273561C70060B792 /* Build configuration list for PBXNativeTarget "M12n trainer" */;
			buildPhases = (
				3328810CB3A33A13DC206420 /* [CP] Check Pods Manifest.lock */,
				08E9F1AF273561C30060B792 /* Sources */,
				08E9F1B0273561C30060B792 /* Frameworks */,
				08E9F1B1273561C30060B792 /* Resources */,
			);
			buildRules = (
			);
			dependencies = (
			);
			name = "M12n trainer";
			productName = "M12n trainer";
			productReference = 08E9F1B3273561C30060B792 /* M12n trainer.app */;
			productType = "com.apple.product-type.application";
		};
		08E9F1CB273561C70060B792 /* M12n trainerTests */ = {
			isa = PBXNativeTarget;
			buildConfigurationList = 08E9F1E3273561C70060B792 /* Build configuration list for PBXNativeTarget "M12n trainerTests" */;
			buildPhases = (
				4B8BE72FF35706E2066A80FF /* [CP] Check Pods Manifest.lock */,
				08E9F1C8273561C70060B792 /* Sources */,
				08E9F1C9273561C70060B792 /* Frameworks */,
				08E9F1CA273561C70060B792 /* Resources */,
			);
			buildRules = (
			);
			dependencies = (
				08E9F1CE273561C70060B792 /* PBXTargetDependency */,
			);
			name = "M12n trainerTests";
			productName = "M12n trainerTests";
			productReference = 08E9F1CC273561C70060B792 /* M12n trainerTests.xctest */;
			productType = "com.apple.product-type.bundle.unit-test";
		};
		08E9F1D5273561C70060B792 /* M12n trainerUITests */ = {
			isa = PBXNativeTarget;
			buildConfigurationList = 08E9F1E6273561C70060B792 /* Build configuration list for PBXNativeTarget "M12n trainerUITests" */;
			buildPhases = (
				DCA7A17CEF6FF5E4F7CADA2E /* [CP] Check Pods Manifest.lock */,
				08E9F1D2273561C70060B792 /* Sources */,
				08E9F1D3273561C70060B792 /* Frameworks */,
				08E9F1D4273561C70060B792 /* Resources */,
			);
			buildRules = (
			);
			dependencies = (
				08E9F1D8273561C70060B792 /* PBXTargetDependency */,
			);
			name = "M12n trainerUITests";
			productName = "M12n trainerUITests";
			productReference = 08E9F1D6273561C70060B792 /* M12n trainerUITests.xctest */;
			productType = "com.apple.product-type.bundle.ui-testing";
		};
/* End PBXNativeTarget section */

/* Begin PBXProject section */
		08E9F1AB273561C30060B792 /* Project object */ = {
			isa = PBXProject;
			attributes = {
				BuildIndependentTargetsInParallel = 1;
				LastSwiftUpdateCheck = 1310;
				LastUpgradeCheck = 1310;
				TargetAttributes = {
					08E9F1B2273561C30060B792 = {
						CreatedOnToolsVersion = 13.1;
					};
					08E9F1CB273561C70060B792 = {
						CreatedOnToolsVersion = 13.1;
						TestTargetID = 08E9F1B2273561C30060B792;
					};
					08E9F1D5273561C70060B792 = {
						CreatedOnToolsVersion = 13.1;
						TestTargetID = 08E9F1B2273561C30060B792;
					};
				};
			};
			buildConfigurationList = 08E9F1AE273561C30060B792 /* Build configuration list for PBXProject "M12n trainer" */;
			compatibilityVersion = "Xcode 13.0";
			developmentRegion = en;
			hasScannedForEncodings = 0;
			knownRegions = (
				en,
				Base,
			);
			mainGroup = 08E9F1AA273561C30060B792;
			productRefGroup = 08E9F1B4273561C30060B792 /* Products */;
			projectDirPath = "";
			projectRoot = "";
			targets = (
				08E9F1B2273561C30060B792 /* M12n trainer */,
				08E9F1CB273561C70060B792 /* M12n trainerTests */,
				08E9F1D5273561C70060B792 /* M12n trainerUITests */,
			);
		};
/* End PBXProject section */

/* Begin PBXResourcesBuildPhase section */
		08E9F1B1273561C30060B792 /* Resources */ = {
			isa = PBXResourcesBuildPhase;
			buildActionMask = 2147483647;
			files = (
				08E9F1C6273561C70060B792 /* LaunchScreen.storyboard in Resources */,
				08E9F1C3273561C70060B792 /* Assets.xcassets in Resources */,
				08E9F1BE273561C30060B792 /* Main.storyboard in Resources */,
			);
			runOnlyForDeploymentPostprocessing = 0;
		};
		08E9F1CA273561C70060B792 /* Resources */ = {
			isa = PBXResourcesBuildPhase;
			buildActionMask = 2147483647;
			files = (
			);
			runOnlyForDeploymentPostprocessing = 0;
		};
		08E9F1D4273561C70060B792 /* Resources */ = {
			isa = PBXResourcesBuildPhase;
			buildActionMask = 2147483647;
			files = (
			);
			runOnlyForDeploymentPostprocessing = 0;
		};
/* End PBXResourcesBuildPhase section */

/* Begin PBXShellScriptBuildPhase section */
		3328810CB3A33A13DC206420 /* [CP] Check Pods Manifest.lock */ = {
			isa = PBXShellScriptBuildPhase;
			buildActionMask = 2147483647;
			files = (
			);
			inputFileListPaths = (
			);
			inputPaths = (
				"${PODS_PODFILE_DIR_PATH}/Podfile.lock",
				"${PODS_ROOT}/Manifest.lock",
			);
			name = "[CP] Check Pods Manifest.lock";
			outputFileListPaths = (
			);
			outputPaths = (
				"$(DERIVED_FILE_DIR)/Pods-M12n trainer-checkManifestLockResult.txt",
			);
			runOnlyForDeploymentPostprocessing = 0;
			shellPath = /bin/sh;
			shellScript = "diff \"${PODS_PODFILE_DIR_PATH}/Podfile.lock\" \"${PODS_ROOT}/Manifest.lock\" > /dev/null\nif [ $? != 0 ] ; then\n    # print error to STDERR\n    echo \"error: The sandbox is not in sync with the Podfile.lock. Run 'pod install' or update your CocoaPods installation.\" >&2\n    exit 1\nfi\n# This output is used by Xcode 'outputs' to avoid re-running this script phase.\necho \"SUCCESS\" > \"${SCRIPT_OUTPUT_FILE_0}\"\n";
			showEnvVarsInLog = 0;
		};
		4B8BE72FF35706E2066A80FF /* [CP] Check Pods Manifest.lock */ = {
			isa = PBXShellScriptBuildPhase;
			buildActionMask = 2147483647;
			files = (
			);
			inputFileListPaths = (
			);
			inputPaths = (
				"${PODS_PODFILE_DIR_PATH}/Podfile.lock",
				"${PODS_ROOT}/Manifest.lock",
			);
			name = "[CP] Check Pods Manifest.lock";
			outputFileListPaths = (
			);
			outputPaths = (
				"$(DERIVED_FILE_DIR)/Pods-M12n trainerTests-checkManifestLockResult.txt",
			);
			runOnlyForDeploymentPostprocessing = 0;
			shellPath = /bin/sh;
			shellScript = "diff \"${PODS_PODFILE_DIR_PATH}/Podfile.lock\" \"${PODS_ROOT}/Manifest.lock\" > /dev/null\nif [ $? != 0 ] ; then\n    # print error to STDERR\n    echo \"error: The sandbox is not in sync with the Podfile.lock. Run 'pod install' or update your CocoaPods installation.\" >&2\n    exit 1\nfi\n# This output is used by Xcode 'outputs' to avoid re-running this script phase.\necho \"SUCCESS\" > \"${SCRIPT_OUTPUT_FILE_0}\"\n";
			showEnvVarsInLog = 0;
		};
		DCA7A17CEF6FF5E4F7CADA2E /* [CP] Check Pods Manifest.lock */ = {
			isa = PBXShellScriptBuildPhase;
			buildActionMask = 2147483647;
			files = (
			);
			inputFileListPaths = (
			);
			inputPaths = (
				"${PODS_PODFILE_DIR_PATH}/Podfile.lock",
				"${PODS_ROOT}/Manifest.lock",
			);
			name = "[CP] Check Pods Manifest.lock";
			outputFileListPaths = (
			);
			outputPaths = (
				"$(DERIVED_FILE_DIR)/Pods-M12n trainer-M12n trainerUITests-checkManifestLockResult.txt",
			);
			runOnlyForDeploymentPostprocessing = 0;
			shellPath = /bin/sh;
			shellScript = "diff \"${PODS_PODFILE_DIR_PATH}/Podfile.lock\" \"${PODS_ROOT}/Manifest.lock\" > /dev/null\nif [ $? != 0 ] ; then\n    # print error to STDERR\n    echo \"error: The sandbox is not in sync with the Podfile.lock. Run 'pod install' or update your CocoaPods installation.\" >&2\n    exit 1\nfi\n# This output is used by Xcode 'outputs' to avoid re-running this script phase.\necho \"SUCCESS\" > \"${SCRIPT_OUTPUT_FILE_0}\"\n";
			showEnvVarsInLog = 0;
		};
/* End PBXShellScriptBuildPhase section */

/* Begin PBXSourcesBuildPhase section */
		08E9F1AF273561C30060B792 /* Sources */ = {
			isa = PBXSourcesBuildPhase;
			buildActionMask = 2147483647;
			files = (
				08E9F1BB273561C30060B792 /* ViewController.swift in Sources */,
				08E9F1B7273561C30060B792 /* AppDelegate.swift in Sources */,
				08E9F1B9273561C30060B792 /* SceneDelegate.swift in Sources */,
				08E9F1C1273561C30060B792 /* M12n_trainer.xcdatamodeld in Sources */,
				08E9F1EF27366BB30060B792 /* PlayController.swift in Sources */,
			);
			runOnlyForDeploymentPostprocessing = 0;
		};
		08E9F1C8273561C70060B792 /* Sources */ = {
			isa = PBXSourcesBuildPhase;
			buildActionMask = 2147483647;
			files = (
				08E9F1D1273561C70060B792 /* M12n_trainerTests.swift in Sources */,
			);
			runOnlyForDeploymentPostprocessing = 0;
		};
		08E9F1D2273561C70060B792 /* Sources */ = {
			isa = PBXSourcesBuildPhase;
			buildActionMask = 2147483647;
			files = (
				08E9F1DD273561C70060B792 /* M12n_trainerUITestsLaunchTests.swift in Sources */,
				08E9F1DB273561C70060B792 /* M12n_trainerUITests.swift in Sources */,
			);
			runOnlyForDeploymentPostprocessing = 0;
		};
/* End PBXSourcesBuildPhase section */

/* Begin PBXTargetDependency section */
		08E9F1CE273561C70060B792 /* PBXTargetDependency */ = {
			isa = PBXTargetDependency;
			target = 08E9F1B2273561C30060B792 /* M12n trainer */;
			targetProxy = 08E9F1CD273561C70060B792 /* PBXContainerItemProxy */;
		};
		08E9F1D8273561C70060B792 /* PBXTargetDependency */ = {
			isa = PBXTargetDependency;
			target = 08E9F1B2273561C30060B792 /* M12n trainer */;
			targetProxy = 08E9F1D7273561C70060B792 /* PBXContainerItemProxy */;
		};
/* End PBXTargetDependency section */

/* Begin PBXVariantGroup section */
		08E9F1BC273561C30060B792 /* Main.storyboard */ = {
			isa = PBXVariantGroup;
			children = (
				08E9F1BD273561C30060B792 /* Base */,
			);
			name = Main.storyboard;
			sourceTree = "<group>";
		};
		08E9F1C4273561C70060B792 /* LaunchScreen.storyboard */ = {
			isa = PBXVariantGroup;
			children = (
				08E9F1C5273561C70060B792 /* Base */,
			);
			name = LaunchScreen.storyboard;
			sourceTree = "<group>";
		};
/* End PBXVariantGroup section */

/* Begin XCBuildConfiguration section */
		08E9F1DE273561C70060B792 /* Debug */ = {
			isa = XCBuildConfiguration;
			buildSettings = {
				ALWAYS_SEARCH_USER_PATHS = NO;
				CLANG_ANALYZER_NONNULL = YES;
				CLANG_ANALYZER_NUMBER_OBJECT_CONVERSION = YES_AGGRESSIVE;
				CLANG_CXX_LANGUAGE_STANDARD = "gnu++17";
				CLANG_CXX_LIBRARY = "libc++";
				CLANG_ENABLE_MODULES = YES;
				CLANG_ENABLE_OBJC_ARC = YES;
				CLANG_ENABLE_OBJC_WEAK = YES;
				CLANG_WARN_BLOCK_CAPTURE_AUTORELEASING = YES;
				CLANG_WARN_BOOL_CONVERSION = YES;
				CLANG_WARN_COMMA = YES;
				CLANG_WARN_CONSTANT_CONVERSION = YES;
				CLANG_WARN_DEPRECATED_OBJC_IMPLEMENTATIONS = YES;
				CLANG_WARN_DIRECT_OBJC_ISA_USAGE = YES_ERROR;
				CLANG_WARN_DOCUMENTATION_COMMENTS = YES;
				CLANG_WARN_EMPTY_BODY = YES;
				CLANG_WARN_ENUM_CONVERSION = YES;
				CLANG_WARN_INFINITE_RECURSION = YES;
				CLANG_WARN_INT_CONVERSION = YES;
				CLANG_WARN_NON_LITERAL_NULL_CONVERSION = YES;
				CLANG_WARN_OBJC_IMPLICIT_RETAIN_SELF = YES;
				CLANG_WARN_OBJC_LITERAL_CONVERSION = YES;
				CLANG_WARN_OBJC_ROOT_CLASS = YES_ERROR;
				CLANG_WARN_QUOTED_INCLUDE_IN_FRAMEWORK_HEADER = YES;
				CLANG_WARN_RANGE_LOOP_ANALYSIS = YES;
				CLANG_WARN_STRICT_PROTOTYPES = YES;
				CLANG_WARN_SUSPICIOUS_MOVE = YES;
				CLANG_WARN_UNGUARDED_AVAILABILITY = YES_AGGRESSIVE;
				CLANG_WARN_UNREACHABLE_CODE = YES;
				CLANG_WARN__DUPLICATE_METHOD_MATCH = YES;
				COPY_PHASE_STRIP = NO;
				DEBUG_INFORMATION_FORMAT = dwarf;
				ENABLE_STRICT_OBJC_MSGSEND = YES;
				ENABLE_TESTABILITY = YES;
				GCC_C_LANGUAGE_STANDARD = gnu11;
				GCC_DYNAMIC_NO_PIC = NO;
				GCC_NO_COMMON_BLOCKS = YES;
				GCC_OPTIMIZATION_LEVEL = 0;
				GCC_PREPROCESSOR_DEFINITIONS = (
					"DEBUG=1",
					"$(inherited)",
				);
				GCC_WARN_64_TO_32_BIT_CONVERSION = YES;
				GCC_WARN_ABOUT_RETURN_TYPE = YES_ERROR;
				GCC_WARN_UNDECLARED_SELECTOR = YES;
				GCC_WARN_UNINITIALIZED_AUTOS = YES_AGGRESSIVE;
				GCC_WARN_UNUSED_FUNCTION = YES;
				GCC_WARN_UNUSED_VARIABLE = YES;
				IPHONEOS_DEPLOYMENT_TARGET = 15.0;
				MTL_ENABLE_DEBUG_INFO = INCLUDE_SOURCE;
				MTL_FAST_MATH = YES;
				ONLY_ACTIVE_ARCH = YES;
				SDKROOT = iphoneos;
				SWIFT_ACTIVE_COMPILATION_CONDITIONS = DEBUG;
				SWIFT_OPTIMIZATION_LEVEL = "-Onone";
			};
			name = Debug;
		};
		08E9F1DF273561C70060B792 /* Release */ = {
			isa = XCBuildConfiguration;
			buildSettings = {
				ALWAYS_SEARCH_USER_PATHS = NO;
				CLANG_ANALYZER_NONNULL = YES;
				CLANG_ANALYZER_NUMBER_OBJECT_CONVERSION = YES_AGGRESSIVE;
				CLANG_CXX_LANGUAGE_STANDARD = "gnu++17";
				CLANG_CXX_LIBRARY = "libc++";
				CLANG_ENABLE_MODULES = YES;
				CLANG_ENABLE_OBJC_ARC = YES;
				CLANG_ENABLE_OBJC_WEAK = YES;
				CLANG_WARN_BLOCK_CAPTURE_AUTORELEASING = YES;
				CLANG_WARN_BOOL_CONVERSION = YES;
				CLANG_WARN_COMMA = YES;
				CLANG_WARN_CONSTANT_CONVERSION = YES;
				CLANG_WARN_DEPRECATED_OBJC_IMPLEMENTATIONS = YES;
				CLANG_WARN_DIRECT_OBJC_ISA_USAGE = YES_ERROR;
				CLANG_WARN_DOCUMENTATION_COMMENTS = YES;
				CLANG_WARN_EMPTY_BODY = YES;
				CLANG_WARN_ENUM_CONVERSION = YES;
				CLANG_WARN_INFINITE_RECURSION = YES;
				CLANG_WARN_INT_CONVERSION = YES;
				CLANG_WARN_NON_LITERAL_NULL_CONVERSION = YES;
				CLANG_WARN_OBJC_IMPLICIT_RETAIN_SELF = YES;
				CLANG_WARN_OBJC_LITERAL_CONVERSION = YES;
				CLANG_WARN_OBJC_ROOT_CLASS = YES_ERROR;
				CLANG_WARN_QUOTED_INCLUDE_IN_FRAMEWORK_HEADER = YES;
				CLANG_WARN_RANGE_LOOP_ANALYSIS = YES;
				CLANG_WARN_STRICT_PROTOTYPES = YES;
				CLANG_WARN_SUSPICIOUS_MOVE = YES;
				CLANG_WARN_UNGUARDED_AVAILABILITY = YES_AGGRESSIVE;
				CLANG_WARN_UNREACHABLE_CODE = YES;
				CLANG_WARN__DUPLICATE_METHOD_MATCH = YES;
				COPY_PHASE_STRIP = NO;
				DEBUG_INFORMATION_FORMAT = "dwarf-with-dsym";
				ENABLE_NS_ASSERTIONS = NO;
				ENABLE_STRICT_OBJC_MSGSEND = YES;
				GCC_C_LANGUAGE_STANDARD = gnu11;
				GCC_NO_COMMON_BLOCKS = YES;
				GCC_WARN_64_TO_32_BIT_CONVERSION = YES;
				GCC_WARN_ABOUT_RETURN_TYPE = YES_ERROR;
				GCC_WARN_UNDECLARED_SELECTOR = YES;
				GCC_WARN_UNINITIALIZED_AUTOS = YES_AGGRESSIVE;
				GCC_WARN_UNUSED_FUNCTION = YES;
				GCC_WARN_UNUSED_VARIABLE = YES;
				IPHONEOS_DEPLOYMENT_TARGET = 15.0;
				MTL_ENABLE_DEBUG_INFO = NO;
				MTL_FAST_MATH = YES;
				SDKROOT = iphoneos;
				SWIFT_COMPILATION_MODE = wholemodule;
				SWIFT_OPTIMIZATION_LEVEL = "-O";
				VALIDATE_PRODUCT = YES;
			};
			name = Release;
		};
		08E9F1E1273561C70060B792 /* Debug */ = {
			isa = XCBuildConfiguration;
			baseConfigurationReference = 7BA46BCD2E6B81462D17A60E /* Pods-M12n trainer.debug.xcconfig */;
			buildSettings = {
				ASSETCATALOG_COMPILER_APPICON_NAME = AppIcon;
				ASSETCATALOG_COMPILER_GLOBAL_ACCENT_COLOR_NAME = AccentColor;
				CODE_SIGN_STYLE = Automatic;
				CURRENT_PROJECT_VERSION = 1;
				DEVELOPMENT_TEAM = 7D74M9YZKJ;
				GENERATE_INFOPLIST_FILE = YES;
				INFOPLIST_FILE = "M12n trainer/Info.plist";
				INFOPLIST_KEY_UIApplicationSupportsIndirectInputEvents = YES;
				INFOPLIST_KEY_UILaunchStoryboardName = LaunchScreen;
				INFOPLIST_KEY_UIMainStoryboardFile = Main;
				INFOPLIST_KEY_UISupportedInterfaceOrientations_iPad = "UIInterfaceOrientationPortrait UIInterfaceOrientationPortraitUpsideDown UIInterfaceOrientationLandscapeLeft UIInterfaceOrientationLandscapeRight";
				INFOPLIST_KEY_UISupportedInterfaceOrientations_iPhone = "UIInterfaceOrientationPortrait UIInterfaceOrientationLandscapeLeft UIInterfaceOrientationLandscapeRight";
				LD_RUNPATH_SEARCH_PATHS = (
					"$(inherited)",
					"@executable_path/Frameworks",
				);
				MARKETING_VERSION = 1.0;
				PRODUCT_BUNDLE_IDENTIFIER = "ru.windwail.multiplication-trainer.M12n-trainer";
				PRODUCT_NAME = "$(TARGET_NAME)";
				SWIFT_EMIT_LOC_STRINGS = YES;
				SWIFT_VERSION = 5.0;
				TARGETED_DEVICE_FAMILY = "1,2";
			};
			name = Debug;
		};
		08E9F1E2273561C70060B792 /* Release */ = {
			isa = XCBuildConfiguration;
			baseConfigurationReference = EC0516D4339FE1E639E773EB /* Pods-M12n trainer.release.xcconfig */;
			buildSettings = {
				ASSETCATALOG_COMPILER_APPICON_NAME = AppIcon;
				ASSETCATALOG_COMPILER_GLOBAL_ACCENT_COLOR_NAME = AccentColor;
				CODE_SIGN_STYLE = Automatic;
				CURRENT_PROJECT_VERSION = 1;
				DEVELOPMENT_TEAM = 7D74M9YZKJ;
				GENERATE_INFOPLIST_FILE = YES;
				INFOPLIST_FILE = "M12n trainer/Info.plist";
				INFOPLIST_KEY_UIApplicationSupportsIndirectInputEvents = YES;
				INFOPLIST_KEY_UILaunchStoryboardName = LaunchScreen;
				INFOPLIST_KEY_UIMainStoryboardFile = Main;
				INFOPLIST_KEY_UISupportedInterfaceOrientations_iPad = "UIInterfaceOrientationPortrait UIInterfaceOrientationPortraitUpsideDown UIInterfaceOrientationLandscapeLeft UIInterfaceOrientationLandscapeRight";
				INFOPLIST_KEY_UISupportedInterfaceOrientations_iPhone = "UIInterfaceOrientationPortrait UIInterfaceOrientationLandscapeLeft UIInterfaceOrientationLandscapeRight";
				LD_RUNPATH_SEARCH_PATHS = (
					"$(inherited)",
					"@executable_path/Frameworks",
				);
				MARKETING_VERSION = 1.0;
				PRODUCT_BUNDLE_IDENTIFIER = "ru.windwail.multiplication-trainer.M12n-trainer";
				PRODUCT_NAME = "$(TARGET_NAME)";
				SWIFT_EMIT_LOC_STRINGS = YES;
				SWIFT_VERSION = 5.0;
				TARGETED_DEVICE_FAMILY = "1,2";
			};
			name = Release;
		};
		08E9F1E4273561C70060B792 /* Debug */ = {
			isa = XCBuildConfiguration;
			baseConfigurationReference = 1E34CE1CE876B2FDEA87F130 /* Pods-M12n trainerTests.debug.xcconfig */;
			buildSettings = {
				ALWAYS_EMBED_SWIFT_STANDARD_LIBRARIES = YES;
				BUNDLE_LOADER = "$(TEST_HOST)";
				CODE_SIGN_STYLE = Automatic;
				CURRENT_PROJECT_VERSION = 1;
				DEVELOPMENT_TEAM = 7D74M9YZKJ;
				GENERATE_INFOPLIST_FILE = YES;
				IPHONEOS_DEPLOYMENT_TARGET = 15.0;
				LD_RUNPATH_SEARCH_PATHS = (
					"$(inherited)",
					"@executable_path/Frameworks",
					"@loader_path/Frameworks",
				);
				MARKETING_VERSION = 1.0;
				PRODUCT_BUNDLE_IDENTIFIER = "ru.windwail.multiplication-trainer.M12n-trainerTests";
				PRODUCT_NAME = "$(TARGET_NAME)";
				SWIFT_EMIT_LOC_STRINGS = NO;
				SWIFT_VERSION = 5.0;
				TARGETED_DEVICE_FAMILY = "1,2";
				TEST_HOST = "$(BUILT_PRODUCTS_DIR)/M12n trainer.app/M12n trainer";
			};
			name = Debug;
		};
		08E9F1E5273561C70060B792 /* Release */ = {
			isa = XCBuildConfiguration;
			baseConfigurationReference = 070B6B55F7DBEFCD770F2F57 /* Pods-M12n trainerTests.release.xcconfig */;
			buildSettings = {
				ALWAYS_EMBED_SWIFT_STANDARD_LIBRARIES = YES;
				BUNDLE_LOADER = "$(TEST_HOST)";
				CODE_SIGN_STYLE = Automatic;
				CURRENT_PROJECT_VERSION = 1;
				DEVELOPMENT_TEAM = 7D74M9YZKJ;
				GENERATE_INFOPLIST_FILE = YES;
				IPHONEOS_DEPLOYMENT_TARGET = 15.0;
				LD_RUNPATH_SEARCH_PATHS = (
					"$(inherited)",
					"@executable_path/Frameworks",
					"@loader_path/Frameworks",
				);
				MARKETING_VERSION = 1.0;
				PRODUCT_BUNDLE_IDENTIFIER = "ru.windwail.multiplication-trainer.M12n-trainerTests";
				PRODUCT_NAME = "$(TARGET_NAME)";
				SWIFT_EMIT_LOC_STRINGS = NO;
				SWIFT_VERSION = 5.0;
				TARGETED_DEVICE_FAMILY = "1,2";
				TEST_HOST = "$(BUILT_PRODUCTS_DIR)/M12n trainer.app/M12n trainer";
			};
			name = Release;
		};
		08E9F1E7273561C70060B792 /* Debug */ = {
			isa = XCBuildConfiguration;
			baseConfigurationReference = 45054DD4CFA38E9E27C8872B /* Pods-M12n trainer-M12n trainerUITests.debug.xcconfig */;
			buildSettings = {
				ALWAYS_EMBED_SWIFT_STANDARD_LIBRARIES = YES;
				CODE_SIGN_STYLE = Automatic;
				CURRENT_PROJECT_VERSION = 1;
				DEVELOPMENT_TEAM = 7D74M9YZKJ;
				GENERATE_INFOPLIST_FILE = YES;
				LD_RUNPATH_SEARCH_PATHS = (
					"$(inherited)",
					"@executable_path/Frameworks",
					"@loader_path/Frameworks",
				);
				MARKETING_VERSION = 1.0;
				PRODUCT_BUNDLE_IDENTIFIER = "ru.windwail.multiplication-trainer.M12n-trainerUITests";
				PRODUCT_NAME = "$(TARGET_NAME)";
				SWIFT_EMIT_LOC_STRINGS = NO;
				SWIFT_VERSION = 5.0;
				TARGETED_DEVICE_FAMILY = "1,2";
				TEST_TARGET_NAME = "M12n trainer";
			};
			name = Debug;
		};
		08E9F1E8273561C70060B792 /* Release */ = {
			isa = XCBuildConfiguration;
			baseConfigurationReference = 6219A1FF0B3F3A4D2574916C /* Pods-M12n trainer-M12n trainerUITests.release.xcconfig */;
			buildSettings = {
				ALWAYS_EMBED_SWIFT_STANDARD_LIBRARIES = YES;
				CODE_SIGN_STYLE = Automatic;
				CURRENT_PROJECT_VERSION = 1;
				DEVELOPMENT_TEAM = 7D74M9YZKJ;
				GENERATE_INFOPLIST_FILE = YES;
				LD_RUNPATH_SEARCH_PATHS = (
					"$(inherited)",
					"@executable_path/Frameworks",
					"@loader_path/Frameworks",
				);
				MARKETING_VERSION = 1.0;
				PRODUCT_BUNDLE_IDENTIFIER = "ru.windwail.multiplication-trainer.M12n-trainerUITests";
				PRODUCT_NAME = "$(TARGET_NAME)";
				SWIFT_EMIT_LOC_STRINGS = NO;
				SWIFT_VERSION = 5.0;
				TARGETED_DEVICE_FAMILY = "1,2";
				TEST_TARGET_NAME = "M12n trainer";
			};
			name = Release;
		};
/* End XCBuildConfiguration section */

/* Begin XCConfigurationList section */
		08E9F1AE273561C30060B792 /* Build configuration list for PBXProject "M12n trainer" */ = {
			isa = XCConfigurationList;
			buildConfigurations = (
				08E9F1DE273561C70060B792 /* Debug */,
				08E9F1DF273561C70060B792 /* Release */,
			);
			defaultConfigurationIsVisible = 0;
			defaultConfigurationName = Release;
		};
		08E9F1E0273561C70060B792 /* Build configuration list for PBXNativeTarget "M12n trainer" */ = {
			isa = XCConfigurationList;
			buildConfigurations = (
				08E9F1E1273561C70060B792 /* Debug */,
				08E9F1E2273561C70060B792 /* Release */,
			);
			defaultConfigurationIsVisible = 0;
			defaultConfigurationName = Release;
		};
		08E9F1E3273561C70060B792 /* Build configuration list for PBXNativeTarget "M12n trainerTests" */ = {
			isa = XCConfigurationList;
			buildConfigurations = (
				08E9F1E4273561C70060B792 /* Debug */,
				08E9F1E5273561C70060B792 /* Release */,
			);
			defaultConfigurationIsVisible = 0;
			defaultConfigurationName = Release;
		};
		08E9F1E6273561C70060B792 /* Build configuration list for PBXNativeTarget "M12n trainerUITests" */ = {
			isa = XCConfigurationList;
			buildConfigurations = (
				08E9F1E7273561C70060B792 /* Debug */,
				08E9F1E8273561C70060B792 /* Release */,
			);
			defaultConfigurationIsVisible = 0;
			defaultConfigurationName = Release;
		};
/* End XCConfigurationList section */

/* Begin XCVersionGroup section */
		08E9F1BF273561C30060B792 /* M12n_trainer.xcdatamodeld */ = {
			isa = XCVersionGroup;
			children = (
				08E9F1C0273561C30060B792 /* M12n_trainer.xcdatamodel */,
			);
			currentVersion = 08E9F1C0273561C30060B792 /* M12n_trainer.xcdatamodel */;
			path = M12n_trainer.xcdatamodeld;
			sourceTree = "<group>";
			versionGroupType = wrapper.xcdatamodel;
		};
/* End XCVersionGroup section */
	};
	rootObject = 08E9F1AB273561C30060B792 /* Project object */;
}
